
Microsoft Visual Studio Solution File, Format Version 12.00
# Visual Studio 15
VisualStudioVersion = 15.0.26730.3
MinimumVisualStudioVersion = 10.0.40219.1
Project("{FAE04EC0-301F-11D3-BF4B-00C04F79EFBC}") = "Jigglypuff.Core", "Jigglypuff.Core\Jigglypuff.Core.csproj", "{2175A621-7EA7-4FDA-9CF7-E038775220F7}"
EndProject
Global
	GlobalSection(SolutionConfigurationPlatforms) = preSolution
		Debug|Any CPU = Debug|Any CPU
		Release|Any CPU = Release|Any CPU
	EndGlobalSection
	GlobalSection(ProjectConfigurationPlatforms) = postSolution
		{2175A621-7EA7-4FDA-9CF7-E038775220F7}.Debug|Any CPU.ActiveCfg = Debug|Any CPU
		{2175A621-7EA7-4FDA-9CF7-E038775220F7}.Debug|Any CPU.Build.0 = Debug|Any CPU
		{2175A621-7EA7-4FDA-9CF7-E038775220F7}.Release|Any CPU.ActiveCfg = Release|Any CPU
		{2175A621-7EA7-4FDA-9CF7-E038775220F7}.Release|Any CPU.Build.0 = Release|Any CPU
	EndGlobalSection
	GlobalSection(SolutionProperties) = preSolution
		HideSolutionNode = FALSE
	EndGlobalSection
	GlobalSection(ExtensibilityGlobals) = postSolution
		SolutionGuid = {62BE9B4F-0DA8-4C57-9645-4CD1DFD6A4CB}
	EndGlobalSection
EndGlobal
